{
  "name": "tabtrail",
  "version": "0.2.0",
  "lockfileVersion": 3,
  "requires": true,
  "packages": {
    "": {
      "name": "tabtrail",
      "version": "0.2.0",
      "license": "AGPL-3.0-or-later",
      "dependencies": {
        "driver.js": "1.3.6"
      }
    },
    "node_modules/driver.js": {
      "version": "1.3.6",
      "resolved": "https://registry.npmjs.org/driver.js/-/driver.js-1.3.6.tgz",
      "integrity": "sha512-g2nNuu+tWmPpuoyk3ffpT9vKhjPz4NrJzq6mkRDZIwXCrFhrKdDJ9TX5tJOBpvCTBrBYjgRQ17XlcQB15q4gMg==",
      "license": "MIT"
    }
  }
}
